
Microsoft Visual Studio Solution File, Format Version 12.00
# Visual Studio 15
VisualStudioVersion = 15.0.27130.2020
MinimumVisualStudioVersion = 10.0.40219.1
Project("{FAE04EC0-301F-11D3-BF4B-00C04F79EFBC}") = "MasterProject.Android", "MasterProject\MasterProject.Android\MasterProject.Android.csproj", "{0A62091E-7623-4368-9651-2BD6E33E3CBF}"
EndProject
Project("{FAE04EC0-301F-11D3-BF4B-00C04F79EFBC}") = "MasterProject.iOS", "MasterProject\MasterProject.iOS\MasterProject.iOS.csproj", "{15CD5C3D-00C3-4B3E-A05C-9E153422B56F}"
EndProject
Project("{FAE04EC0-301F-11D3-BF4B-00C04F79EFBC}") = "MasterProject", "MasterProject\MasterProject\MasterProject.csproj", "{B7E21A05-6711-4A18-8486-A45516BE6732}"
EndProject
Global
	GlobalSection(SolutionConfigurationPlatforms) = preSolution
		Ad-Hoc|Any CPU = Ad-Hoc|Any CPU
		Ad-Hoc|iPhone = Ad-Hoc|iPhone
		Ad-Hoc|iPhoneSimulator = Ad-Hoc|iPhoneSimulator
		AppStore|Any CPU = AppStore|Any CPU
		AppStore|iPhone = AppStore|iPhone
		AppStore|iPhoneSimulator = AppStore|iPhoneSimulator
		Debug|Any CPU = Debug|Any CPU
		Debug|iPhone = Debug|iPhone
		Debug|iPhoneSimulator = Debug|iPhoneSimulator
		Release|Any CPU = Release|Any CPU
		Release|iPhone = Release|iPhone
		Release|iPhoneSimulator = Release|iPhoneSimulator
	EndGlobalSection
	GlobalSection(ProjectConfigurationPlatforms) = postSolution
		{0A62091E-7623-4368-9651-2BD6E33E3CBF}.Ad-Hoc|Any CPU.ActiveCfg = Release|Any CPU
		{0A62091E-7623-4368-9651-2BD6E33E3CBF}.Ad-Hoc|Any CPU.Build.0 = Release|Any CPU
		{0A62091E-7623-4368-9651-2BD6E33E3CBF}.Ad-Hoc|Any CPU.Deploy.0 = Release|Any CPU
		{0A62091E-7623-4368-9651-2BD6E33E3CBF}.Ad-Hoc|iPhone.ActiveCfg = Release|Any CPU
		{0A62091E-7623-4368-9651-2BD6E33E3CBF}.Ad-Hoc|iPhone.Build.0 = Release|Any CPU
		{0A62091E-7623-4368-9651-2BD6E33E3CBF}.Ad-Hoc|iPhone.Deploy.0 = Release|Any CPU
		{0A62091E-7623-4368-9651-2BD6E33E3CBF}.Ad-Hoc|iPhoneSimulator.ActiveCfg = Release|Any CPU
		{0A62091E-7623-4368-9651-2BD6E33E3CBF}.Ad-Hoc|iPhoneSimulator.Build.0 = Release|Any CPU
		{0A62091E-7623-4368-9651-2BD6E33E3CBF}.Ad-Hoc|iPhoneSimulator.Deploy.0 = Release|Any CPU
		{0A62091E-7623-4368-9651-2BD6E33E3CBF}.AppStore|Any CPU.ActiveCfg = Release|Any CPU
		{0A62091E-7623-4368-9651-2BD6E33E3CBF}.AppStore|Any CPU.Build.0 = Release|Any CPU
		{0A62091E-7623-4368-9651-2BD6E33E3CBF}.AppStore|Any CPU.Deploy.0 = Release|Any CPU
		{0A62091E-7623-4368-9651-2BD6E33E3CBF}.AppStore|iPhone.ActiveCfg = Release|Any CPU
		{0A62091E-7623-4368-9651-2BD6E33E3CBF}.AppStore|iPhone.Build.0 = Release|Any CPU
		{0A62091E-7623-4368-9651-2BD6E33E3CBF}.AppStore|iPhone.Deploy.0 = Release|Any CPU
		{0A62091E-7623-4368-9651-2BD6E33E3CBF}.AppStore|iPhoneSimulator.ActiveCfg = Release|Any CPU
		{0A62091E-7623-4368-9651-2BD6E33E3CBF}.AppStore|iPhoneSimulator.Build.0 = Release|Any CPU
		{0A62091E-7623-4368-9651-2BD6E33E3CBF}.AppStore|iPhoneSimulator.Deploy.0 = Release|Any CPU
		{0A62091E-7623-4368-9651-2BD6E33E3CBF}.Debug|Any CPU.ActiveCfg = Debug|Any CPU
		{0A62091E-7623-4368-9651-2BD6E33E3CBF}.Debug|Any CPU.Build.0 = Debug|Any CPU
		{0A62091E-7623-4368-9651-2BD6E33E3CBF}.Debug|Any CPU.Deploy.0 = Debug|Any CPU
		{0A62091E-7623-4368-9651-2BD6E33E3CBF}.Debug|iPhone.ActiveCfg = Debug|Any CPU
		{0A62091E-7623-4368-9651-2BD6E33E3CBF}.Debug|iPhone.Build.0 = Debug|Any CPU
		{0A62091E-7623-4368-9651-2BD6E33E3CBF}.Debug|iPhone.Deploy.0 = Debug|Any CPU
		{0A62091E-7623-4368-9651-2BD6E33E3CBF}.Debug|iPhoneSimulator.ActiveCfg = Debug|Any CPU
		{0A62091E-7623-4368-9651-2BD6E33E3CBF}.Debug|iPhoneSimulator.Build.0 = Debug|Any CPU
		{0A62091E-7623-4368-9651-2BD6E33E3CBF}.Debug|iPhoneSimulator.Deploy.0 = Debug|Any CPU
		{0A62091E-7623-4368-9651-2BD6E33E3CBF}.Release|Any CPU.ActiveCfg = Release|Any CPU
		{0A62091E-7623-4368-9651-2BD6E33E3CBF}.Release|Any CPU.Build.0 = Release|Any CPU
		{0A62091E-7623-4368-9651-2BD6E33E3CBF}.Release|Any CPU.Deploy.0 = Release|Any CPU
		{0A62091E-7623-4368-9651-2BD6E33E3CBF}.Release|iPhone.ActiveCfg = Release|Any CPU
		{0A62091E-7623-4368-9651-2BD6E33E3CBF}.Release|iPhone.Build.0 = Release|Any CPU
		{0A62091E-7623-4368-9651-2BD6E33E3CBF}.Release|iPhone.Deploy.0 = Release|Any CPU
		{0A62091E-7623-4368-9651-2BD6E33E3CBF}.Release|iPhoneSimulator.ActiveCfg = Release|Any CPU
		{0A62091E-7623-4368-9651-2BD6E33E3CBF}.Release|iPhoneSimulator.Build.0 = Release|Any CPU
		{0A62091E-7623-4368-9651-2BD6E33E3CBF}.Release|iPhoneSimulator.Deploy.0 = Release|Any CPU
		{15CD5C3D-00C3-4B3E-A05C-9E153422B56F}.Ad-Hoc|Any CPU.ActiveCfg = Ad-Hoc|iPhone
		{15CD5C3D-00C3-4B3E-A05C-9E153422B56F}.Ad-Hoc|iPhone.ActiveCfg = Ad-Hoc|iPhone
		{15CD5C3D-00C3-4B3E-A05C-9E153422B56F}.Ad-Hoc|iPhone.Build.0 = Ad-Hoc|iPhone
		{15CD5C3D-00C3-4B3E-A05C-9E153422B56F}.Ad-Hoc|iPhoneSimulator.ActiveCfg = Ad-Hoc|iPhoneSimulator
		{15CD5C3D-00C3-4B3E-A05C-9E153422B56F}.Ad-Hoc|iPhoneSimulator.Build.0 = Ad-Hoc|iPhoneSimulator
		{15CD5C3D-00C3-4B3E-A05C-9E153422B56F}.AppStore|Any CPU.ActiveCfg = AppStore|iPhone
		{15CD5C3D-00C3-4B3E-A05C-9E153422B56F}.AppStore|iPhone.ActiveCfg = AppStore|iPhone
		{15CD5C3D-00C3-4B3E-A05C-9E153422B56F}.AppStore|iPhone.Build.0 = AppStore|iPhone
		{15CD5C3D-00C3-4B3E-A05C-9E153422B56F}.AppStore|iPhoneSimulator.ActiveCfg = AppStore|iPhoneSimulator
		{15CD5C3D-00C3-4B3E-A05C-9E153422B56F}.AppStore|iPhoneSimulator.Build.0 = AppStore|iPhoneSimulator
		{15CD5C3D-00C3-4B3E-A05C-9E153422B56F}.Debug|Any CPU.ActiveCfg = Debug|iPhone
		{15CD5C3D-00C3-4B3E-A05C-9E153422B56F}.Debug|iPhone.ActiveCfg = Debug|iPhone
		{15CD5C3D-00C3-4B3E-A05C-9E153422B56F}.Debug|iPhone.Build.0 = Debug|iPhone
		{15CD5C3D-00C3-4B3E-A05C-9E153422B56F}.Debug|iPhoneSimulator.ActiveCfg = Debug|iPhoneSimulator
		{15CD5C3D-00C3-4B3E-A05C-9E153422B56F}.Debug|iPhoneSimulator.Build.0 = Debug|iPhoneSimulator
		{15CD5C3D-00C3-4B3E-A05C-9E153422B56F}.Release|Any CPU.ActiveCfg = Release|iPhone
		{15CD5C3D-00C3-4B3E-A05C-9E153422B56F}.Release|iPhone.ActiveCfg = Release|iPhone
		{15CD5C3D-00C3-4B3E-A05C-9E153422B56F}.Release|iPhone.Build.0 = Release|iPhone
		{15CD5C3D-00C3-4B3E-A05C-9E153422B56F}.Release|iPhoneSimulator.ActiveCfg = Release|iPhoneSimulator
		{15CD5C3D-00C3-4B3E-A05C-9E153422B56F}.Release|iPhoneSimulator.Build.0 = Release|iPhoneSimulator
		{B7E21A05-6711-4A18-8486-A45516BE6732}.Ad-Hoc|Any CPU.ActiveCfg = Debug|Any CPU
		{B7E21A05-6711-4A18-8486-A45516BE6732}.Ad-Hoc|Any CPU.Build.0 = Debug|Any CPU
		{B7E21A05-6711-4A18-8486-A45516BE6732}.Ad-Hoc|iPhone.ActiveCfg = Debug|Any CPU
		{B7E21A05-6711-4A18-8486-A45516BE6732}.Ad-Hoc|iPhone.Build.0 = Debug|Any CPU
		{B7E21A05-6711-4A18-8486-A45516BE6732}.Ad-Hoc|iPhoneSimulator.ActiveCfg = Debug|Any CPU
		{B7E21A05-6711-4A18-8486-A45516BE6732}.Ad-Hoc|iPhoneSimulator.Build.0 = Debug|Any CPU
		{B7E21A05-6711-4A18-8486-A45516BE6732}.AppStore|Any CPU.ActiveCfg = Debug|Any CPU
		{B7E21A05-6711-4A18-8486-A45516BE6732}.AppStore|Any CPU.Build.0 = Debug|Any CPU
		{B7E21A05-6711-4A18-8486-A45516BE6732}.AppStore|iPhone.ActiveCfg = Debug|Any CPU
		{B7E21A05-6711-4A18-8486-A45516BE6732}.AppStore|iPhone.Build.0 = Debug|Any CPU
		{B7E21A05-6711-4A18-8486-A45516BE6732}.AppStore|iPhoneSimulator.ActiveCfg = Debug|Any CPU
		{B7E21A05-6711-4A18-8486-A45516BE6732}.AppStore|iPhoneSimulator.Build.0 = Debug|Any CPU
		{B7E21A05-6711-4A18-8486-A45516BE6732}.Debug|Any CPU.ActiveCfg = Debug|Any CPU
		{B7E21A05-6711-4A18-8486-A45516BE6732}.Debug|Any CPU.Build.0 = Debug|Any CPU
		{B7E21A05-6711-4A18-8486-A45516BE6732}.Debug|iPhone.ActiveCfg = Debug|Any CPU
		{B7E21A05-6711-4A18-8486-A45516BE6732}.Debug|iPhone.Build.0 = Debug|Any CPU
		{B7E21A05-6711-4A18-8486-A45516BE6732}.Debug|iPhoneSimulator.ActiveCfg = Debug|Any CPU
		{B7E21A05-6711-4A18-8486-A45516BE6732}.Debug|iPhoneSimulator.Build.0 = Debug|Any CPU
		{B7E21A05-6711-4A18-8486-A45516BE6732}.Release|Any CPU.ActiveCfg = Release|Any CPU
		{B7E21A05-6711-4A18-8486-A45516BE6732}.Release|Any CPU.Build.0 = Release|Any CPU
		{B7E21A05-6711-4A18-8486-A45516BE6732}.Release|iPhone.ActiveCfg = Release|Any CPU
		{B7E21A05-6711-4A18-8486-A45516BE6732}.Release|iPhone.Build.0 = Release|Any CPU
		{B7E21A05-6711-4A18-8486-A45516BE6732}.Release|iPhoneSimulator.ActiveCfg = Release|Any CPU
		{B7E21A05-6711-4A18-8486-A45516BE6732}.Release|iPhoneSimulator.Build.0 = Release|Any CPU
	EndGlobalSection
	GlobalSection(SolutionProperties) = preSolution
		HideSolutionNode = FALSE
	EndGlobalSection
	GlobalSection(ExtensibilityGlobals) = postSolution
		SolutionGuid = {822CC5BC-96B0-4CC0-947E-CAF755005B6C}
	EndGlobalSection
EndGlobal
